
Microsoft Visual Studio Solution File, Format Version 12.00
# Visual Studio Version 16
VisualStudioVersion = 16.0.31424.327
MinimumVisualStudioVersion = 10.0.40219.1
Project("{FAE04EC0-301F-11D3-BF4B-00C04F79EFBC}") = "practical1", "practical1\practical1.csproj", "{50DEC7A1-EB25-4DD5-A47C-72900ECDB83A}"
EndProject
Global
	GlobalSection(SolutionConfigurationPlatforms) = preSolution
		Debug|Any CPU = Debug|Any CPU
		Release|Any CPU = Release|Any CPU
	EndGlobalSection
	GlobalSection(ProjectConfigurationPlatforms) = postSolution
		{50DEC7A1-EB25-4DD5-A47C-72900ECDB83A}.Debug|Any CPU.ActiveCfg = Debug|Any CPU
		{50DEC7A1-EB25-4DD5-A47C-72900ECDB83A}.Debug|Any CPU.Build.0 = Debug|Any CPU
		{50DEC7A1-EB25-4DD5-A47C-72900ECDB83A}.Release|Any CPU.ActiveCfg = Release|Any CPU
		{50DEC7A1-EB25-4DD5-A47C-72900ECDB83A}.Release|Any CPU.Build.0 = Release|Any CPU
	EndGlobalSection
	GlobalSection(SolutionProperties) = preSolution
		HideSolutionNode = FALSE
	EndGlobalSection
	GlobalSection(ExtensibilityGlobals) = postSolution
		SolutionGuid = {3C86A33E-5D3B-428B-A117-CD5AFB0043FB}
	EndGlobalSection
EndGlobal
